// !$*UTF8*$!
{
	archiveVersion = 1;
	classes = {
	};
	objectVersion = 52;
	objects = {

/* Begin PBXBuildFile section */
		FF054F6025DBB5A30017B07A /* BigNumber.swift in Headers */ = {isa = PBXBuildFile; fileRef = FF8A519025DABF6300F6F47E /* BigNumber.swift */; platformFilter = ios; settings = {ATTRIBUTES = (Public, ); }; };
		FF8A518025DABEA700F6F47E /* BigNumbers.framework in Frameworks */ = {isa = PBXBuildFile; fileRef = FF8A517625DABEA700F6F47E /* BigNumbers.framework */; };
		FF8A518525DABEA700F6F47E /* BigNumbersTests.swift in Sources */ = {isa = PBXBuildFile; fileRef = FF8A518425DABEA700F6F47E /* BigNumbersTests.swift */; };
		FF8A518725DABEA700F6F47E /* BigNumbers.h in Headers */ = {isa = PBXBuildFile; fileRef = FF8A517925DABEA700F6F47E /* BigNumbers.h */; platformFilter = ios; settings = {ATTRIBUTES = (Public, ); }; };
		FF8A519125DABF6300F6F47E /* BigNumber.swift in Sources */ = {isa = PBXBuildFile; fileRef = FF8A519025DABF6300F6F47E /* BigNumber.swift */; platformFilter = ios; };
/* End PBXBuildFile section */

/* Begin PBXContainerItemProxy section */
		FF8A518125DABEA700F6F47E /* PBXContainerItemProxy */ = {
			isa = PBXContainerItemProxy;
			containerPortal = FF8A516D25DABEA700F6F47E /* Project object */;
			proxyType = 1;
			remoteGlobalIDString = FF8A517525DABEA700F6F47E;
			remoteInfo = BigNumbers;
		};
/* End PBXContainerItemProxy section */

/* Begin PBXFileReference section */
		FF8A517625DABEA700F6F47E /* BigNumbers.framework */ = {isa = PBXFileReference; explicitFileType = wrapper.framework; includeInIndex = 0; path = BigNumbers.framework; sourceTree = BUILT_PRODUCTS_DIR; };
		FF8A517925DABEA700F6F47E /* BigNumbers.h */ = {isa = PBXFileReference; lastKnownFileType = sourcecode.c.h; path = BigNumbers.h; sourceTree = "<group>"; };
		FF8A517A25DABEA700F6F47E /* Info.plist */ = {isa = PBXFileReference; lastKnownFileType = text.plist.xml; path = Info.plist; sourceTree = "<group>"; };
		FF8A517F25DABEA700F6F47E /* BigNumbersTests.xctest */ = {isa = PBXFileReference; explicitFileType = wrapper.cfbundle; includeInIndex = 0; path = BigNumbersTests.xctest; sourceTree = BUILT_PRODUCTS_DIR; };
		FF8A518425DABEA700F6F47E /* BigNumbersTests.swift */ = {isa = PBXFileReference; lastKnownFileType = sourcecode.swift; path = BigNumbersTests.swift; sourceTree = "<group>"; };
		FF8A518625DABEA700F6F47E /* Info.plist */ = {isa = PBXFileReference; lastKnownFileType = text.plist.xml; path = Info.plist; sourceTree = "<group>"; };
		FF8A519025DABF6300F6F47E /* BigNumber.swift */ = {isa = PBXFileReference; lastKnownFileType = sourcecode.swift; path = BigNumber.swift; sourceTree = "<group>"; };
/* End PBXFileReference section */

/* Begin PBXFrameworksBuildPhase section */
		FF8A517325DABEA700F6F47E /* Frameworks */ = {
			isa = PBXFrameworksBuildPhase;
			buildActionMask = 2147483647;
			files = (
			);
			runOnlyForDeploymentPostprocessing = 0;
		};
		FF8A517C25DABEA700F6F47E /* Frameworks */ = {
			isa = PBXFrameworksBuildPhase;
			buildActionMask = 2147483647;
			files = (
				FF8A518025DABEA700F6F47E /* BigNumbers.framework in Frameworks */,
			);
			runOnlyForDeploymentPostprocessing = 0;
		};
/* End PBXFrameworksBuildPhase section */

/* Begin PBXGroup section */
		FF8A516C25DABEA700F6F47E = {
			isa = PBXGroup;
			children = (
				FF8A517825DABEA700F6F47E /* BigNumbers */,
				FF8A518325DABEA700F6F47E /* BigNumbersTests */,
				FF8A517725DABEA700F6F47E /* Products */,
			);
			sourceTree = "<group>";
		};
		FF8A517725DABEA700F6F47E /* Products */ = {
			isa = PBXGroup;
			children = (
				FF8A517625DABEA700F6F47E /* BigNumbers.framework */,
				FF8A517F25DABEA700F6F47E /* BigNumbersTests.xctest */,
			);
			name = Products;
			sourceTree = "<group>";
		};
		FF8A517825DABEA700F6F47E /* BigNumbers */ = {
			isa = PBXGroup;
			children = (
				FF8A517925DABEA700F6F47E /* BigNumbers.h */,
				FF8A517A25DABEA700F6F47E /* Info.plist */,
				FF8A519025DABF6300F6F47E /* BigNumber.swift */,
			);
			path = BigNumbers;
			sourceTree = "<group>";
		};
		FF8A518325DABEA700F6F47E /* BigNumbersTests */ = {
			isa = PBXGroup;
			children = (
				FF8A518425DABEA700F6F47E /* BigNumbersTests.swift */,
				FF8A518625DABEA700F6F47E /* Info.plist */,
			);
			path = BigNumbersTests;
			sourceTree = "<group>";
		};
/* End PBXGroup section */

/* Begin PBXHeadersBuildPhase section */
		FF8A517125DABEA700F6F47E /* Headers */ = {
			isa = PBXHeadersBuildPhase;
			buildActionMask = 2147483647;
			files = (
				FF8A518725DABEA700F6F47E /* BigNumbers.h in Headers */,
				FF054F6025DBB5A30017B07A /* BigNumber.swift in Headers */,
			);
			runOnlyForDeploymentPostprocessing = 0;
		};
/* End PBXHeadersBuildPhase section */

/* Begin PBXNativeTarget section */
		FF8A517525DABEA700F6F47E /* BigNumbers */ = {
			isa = PBXNativeTarget;
			buildConfigurationList = FF8A518A25DABEA700F6F47E /* Build configuration list for PBXNativeTarget "BigNumbers" */;
			buildPhases = (
				FF8A517125DABEA700F6F47E /* Headers */,
				FF8A517225DABEA700F6F47E /* Sources */,
				FF8A517325DABEA700F6F47E /* Frameworks */,
				FF8A517425DABEA700F6F47E /* Resources */,
			);
			buildRules = (
			);
			dependencies = (
			);
			name = BigNumbers;
			productName = BigNumbers;
			productReference = FF8A517625DABEA700F6F47E /* BigNumbers.framework */;
			productType = "com.apple.product-type.framework";
		};
		FF8A517E25DABEA700F6F47E /* BigNumbersTests */ = {
			isa = PBXNativeTarget;
			buildConfigurationList = FF8A518D25DABEA700F6F47E /* Build configuration list for PBXNativeTarget "BigNumbersTests" */;
			buildPhases = (
				FF8A517B25DABEA700F6F47E /* Sources */,
				FF8A517C25DABEA700F6F47E /* Frameworks */,
				FF8A517D25DABEA700F6F47E /* Resources */,
			);
			buildRules = (
			);
			dependencies = (
				FF8A518225DABEA700F6F47E /* PBXTargetDependency */,
			);
			name = BigNumbersTests;
			productName = BigNumbersTests;
			productReference = FF8A517F25DABEA700F6F47E /* BigNumbersTests.xctest */;
			productType = "com.apple.product-type.bundle.unit-test";
		};
/* End PBXNativeTarget section */

/* Begin PBXProject section */
		FF8A516D25DABEA700F6F47E /* Project object */ = {
			isa = PBXProject;
			attributes = {
				LastSwiftUpdateCheck = 1130;
				LastUpgradeCheck = 1130;
				ORGANIZATIONNAME = "Marek Piotrowski";
				TargetAttributes = {
					FF8A517525DABEA700F6F47E = {
						CreatedOnToolsVersion = 11.3.1;
						LastSwiftMigration = 1130;
					};
					FF8A517E25DABEA700F6F47E = {
						CreatedOnToolsVersion = 11.3.1;
					};
				};
			};
			buildConfigurationList = FF8A517025DABEA700F6F47E /* Build configuration list for PBXProject "BigNumbers" */;
			compatibilityVersion = "Xcode 9.3";
			developmentRegion = en;
			hasScannedForEncodings = 0;
			knownRegions = (
				en,
				Base,
			);
			mainGroup = FF8A516C25DABEA700F6F47E;
			productRefGroup = FF8A517725DABEA700F6F47E /* Products */;
			projectDirPath = "";
			projectRoot = "";
			targets = (
				FF8A517525DABEA700F6F47E /* BigNumbers */,
				FF8A517E25DABEA700F6F47E /* BigNumbersTests */,
			);
		};
/* End PBXProject section */

/* Begin PBXResourcesBuildPhase section */
		FF8A517425DABEA700F6F47E /* Resources */ = {
			isa = PBXResourcesBuildPhase;
			buildActionMask = 2147483647;
			files = (
			);
			runOnlyForDeploymentPostprocessing = 0;
		};
		FF8A517D25DABEA700F6F47E /* Resources */ = {
			isa = PBXResourcesBuildPhase;
			buildActionMask = 2147483647;
			files = (
			);
			runOnlyForDeploymentPostprocessing = 0;
		};
/* End PBXResourcesBuildPhase section */

/* Begin PBXSourcesBuildPhase section */
		FF8A517225DABEA700F6F47E /* Sources */ = {
			isa = PBXSourcesBuildPhase;
			buildActionMask = 2147483647;
			files = (
				FF8A519125DABF6300F6F47E /* BigNumber.swift in Sources */,
			);
			runOnlyForDeploymentPostprocessing = 0;
		};
		FF8A517B25DABEA700F6F47E /* Sources */ = {
			isa = PBXSourcesBuildPhase;
			buildActionMask = 2147483647;
			files = (
				FF8A518525DABEA700F6F47E /* BigNumbersTests.swift in Sources */,
			);
			runOnlyForDeploymentPostprocessing = 0;
		};
/* End PBXSourcesBuildPhase section */

/* Begin PBXTargetDependency section */
		FF8A518225DABEA700F6F47E /* PBXTargetDependency */ = {
			isa = PBXTargetDependency;
			target = FF8A517525DABEA700F6F47E /* BigNumbers */;
			targetProxy = FF8A518125DABEA700F6F47E /* PBXContainerItemProxy */;
		};
/* End PBXTargetDependency section */

/* Begin XCBuildConfiguration section */
		FF8A518825DABEA700F6F47E /* Debug */ = {
			isa = XCBuildConfiguration;
			buildSettings = {
				ALWAYS_SEARCH_USER_PATHS = NO;
				CLANG_ANALYZER_NONNULL = YES;
				CLANG_ANALYZER_NUMBER_OBJECT_CONVERSION = YES_AGGRESSIVE;
				CLANG_CXX_LANGUAGE_STANDARD = "gnu++14";
				CLANG_CXX_LIBRARY = "libc++";
				CLANG_ENABLE_MODULES = YES;
				CLANG_ENABLE_OBJC_ARC = YES;
				CLANG_ENABLE_OBJC_WEAK = YES;
				CLANG_WARN_BLOCK_CAPTURE_AUTORELEASING = YES;
				CLANG_WARN_BOOL_CONVERSION = YES;
				CLANG_WARN_COMMA = YES;
				CLANG_WARN_CONSTANT_CONVERSION = YES;
				CLANG_WARN_DEPRECATED_OBJC_IMPLEMENTATIONS = YES;
				CLANG_WARN_DIRECT_OBJC_ISA_USAGE = YES_ERROR;
				CLANG_WARN_DOCUMENTATION_COMMENTS = YES;
				CLANG_WARN_EMPTY_BODY = YES;
				CLANG_WARN_ENUM_CONVERSION = YES;
				CLANG_WARN_INFINITE_RECURSION = YES;
				CLANG_WARN_INT_CONVERSION = YES;
				CLANG_WARN_NON_LITERAL_NULL_CONVERSION = YES;
				CLANG_WARN_OBJC_IMPLICIT_RETAIN_SELF = YES;
				CLANG_WARN_OBJC_LITERAL_CONVERSION = YES;
				CLANG_WARN_OBJC_ROOT_CLASS = YES_ERROR;
				CLANG_WARN_RANGE_LOOP_ANALYSIS = YES;
				CLANG_WARN_STRICT_PROTOTYPES = YES;
				CLANG_WARN_SUSPICIOUS_MOVE = YES;
				CLANG_WARN_UNGUARDED_AVAILABILITY = YES_AGGRESSIVE;
				CLANG_WARN_UNREACHABLE_CODE = YES;
				CLANG_WARN__DUPLICATE_METHOD_MATCH = YES;
				COPY_PHASE_STRIP = NO;
				CURRENT_PROJECT_VERSION = 1;
				DEBUG_INFORMATION_FORMAT = dwarf;
				ENABLE_STRICT_OBJC_MSGSEND = YES;
				ENABLE_TESTABILITY = YES;
				GCC_C_LANGUAGE_STANDARD = gnu11;
				GCC_DYNAMIC_NO_PIC = NO;
				GCC_NO_COMMON_BLOCKS = YES;
				GCC_OPTIMIZATION_LEVEL = 0;
				GCC_PREPROCESSOR_DEFINITIONS = (
					"DEBUG=1",
					"$(inherited)",
				);
				GCC_WARN_64_TO_32_BIT_CONVERSION = YES;
				GCC_WARN_ABOUT_RETURN_TYPE = YES_ERROR;
				GCC_WARN_UNDECLARED_SELECTOR = YES;
				GCC_WARN_UNINITIALIZED_AUTOS = YES_AGGRESSIVE;
				GCC_WARN_UNUSED_FUNCTION = YES;
				GCC_WARN_UNUSED_VARIABLE = YES;
				IPHONEOS_DEPLOYMENT_TARGET = 13.2;
				MTL_ENABLE_DEBUG_INFO = INCLUDE_SOURCE;
				MTL_FAST_MATH = YES;
				ONLY_ACTIVE_ARCH = YES;
				SDKROOT = iphoneos;
				SWIFT_ACTIVE_COMPILATION_CONDITIONS = DEBUG;
				SWIFT_OPTIMIZATION_LEVEL = "-Onone";
				VERSIONING_SYSTEM = "apple-generic";
				VERSION_INFO_PREFIX = "";
			};
			name = Debug;
		};
		FF8A518925DABEA700F6F47E /* Release */ = {
			isa = XCBuildConfiguration;
			buildSettings = {
				ALWAYS_SEARCH_USER_PATHS = NO;
				CLANG_ANALYZER_NONNULL = YES;
				CLANG_ANALYZER_NUMBER_OBJECT_CONVERSION = YES_AGGRESSIVE;
				CLANG_CXX_LANGUAGE_STANDARD = "gnu++14";
				CLANG_CXX_LIBRARY = "libc++";
				CLANG_ENABLE_MODULES = YES;
				CLANG_ENABLE_OBJC_ARC = YES;
				CLANG_ENABLE_OBJC_WEAK = YES;
				CLANG_WARN_BLOCK_CAPTURE_AUTORELEASING = YES;
				CLANG_WARN_BOOL_CONVERSION = YES;
				CLANG_WARN_COMMA = YES;
				CLANG_WARN_CONSTANT_CONVERSION = YES;
				CLANG_WARN_DEPRECATED_OBJC_IMPLEMENTATIONS = YES;
				CLANG_WARN_DIRECT_OBJC_ISA_USAGE = YES_ERROR;
				CLANG_WARN_DOCUMENTATION_COMMENTS = YES;
				CLANG_WARN_EMPTY_BODY = YES;
				CLANG_WARN_ENUM_CONVERSION = YES;
				CLANG_WARN_INFINITE_RECURSION = YES;
				CLANG_WARN_INT_CONVERSION = YES;
				CLANG_WARN_NON_LITERAL_NULL_CONVERSION = YES;
				CLANG_WARN_OBJC_IMPLICIT_RETAIN_SELF = YES;
				CLANG_WARN_OBJC_LITERAL_CONVERSION = YES;
				CLANG_WARN_OBJC_ROOT_CLASS = YES_ERROR;
				CLANG_WARN_RANGE_LOOP_ANALYSIS = YES;
				CLANG_WARN_STRICT_PROTOTYPES = YES;
				CLANG_WARN_SUSPICIOUS_MOVE = YES;
				CLANG_WARN_UNGUARDED_AVAILABILITY = YES_AGGRESSIVE;
				CLANG_WARN_UNREACHABLE_CODE = YES;
				CLANG_WARN__DUPLICATE_METHOD_MATCH = YES;
				COPY_PHASE_STRIP = NO;
				CURRENT_PROJECT_VERSION = 1;
				DEBUG_INFORMATION_FORMAT = "dwarf-with-dsym";
				ENABLE_NS_ASSERTIONS = NO;
				ENABLE_STRICT_OBJC_MSGSEND = YES;
				GCC_C_LANGUAGE_STANDARD = gnu11;
				GCC_NO_COMMON_BLOCKS = YES;
				GCC_WARN_64_TO_32_BIT_CONVERSION = YES;
				GCC_WARN_ABOUT_RETURN_TYPE = YES_ERROR;
				GCC_WARN_UNDECLARED_SELECTOR = YES;
				GCC_WARN_UNINITIALIZED_AUTOS = YES_AGGRESSIVE;
				GCC_WARN_UNUSED_FUNCTION = YES;
				GCC_WARN_UNUSED_VARIABLE = YES;
				IPHONEOS_DEPLOYMENT_TARGET = 13.2;
				MTL_ENABLE_DEBUG_INFO = NO;
				MTL_FAST_MATH = YES;
				SDKROOT = iphoneos;
				SWIFT_COMPILATION_MODE = wholemodule;
				SWIFT_OPTIMIZATION_LEVEL = "-O";
				VALIDATE_PRODUCT = YES;
				VERSIONING_SYSTEM = "apple-generic";
				VERSION_INFO_PREFIX = "";
			};
			name = Release;
		};
		FF8A518B25DABEA700F6F47E /* Debug */ = {
			isa = XCBuildConfiguration;
			buildSettings = {
				CLANG_ENABLE_MODULES = YES;
				CODE_SIGN_STYLE = Automatic;
				DEFINES_MODULE = YES;
				DEVELOPMENT_TEAM = 797A8DZ79S;
				DYLIB_COMPATIBILITY_VERSION = 1;
				DYLIB_CURRENT_VERSION = 1;
				DYLIB_INSTALL_NAME_BASE = "@rpath";
				INFOPLIST_FILE = BigNumbers/Info.plist;
				INSTALL_PATH = "$(LOCAL_LIBRARY_DIR)/Frameworks";
				LD_RUNPATH_SEARCH_PATHS = (
					"$(inherited)",
					"@executable_path/Frameworks",
					"@loader_path/Frameworks",
				);
				PRODUCT_BUNDLE_IDENTIFIER = marek.piotrowski.BigNumbers;
				PRODUCT_NAME = "$(TARGET_NAME:c99extidentifier)";
				SKIP_INSTALL = YES;
				SWIFT_OPTIMIZATION_LEVEL = "-Onone";
				SWIFT_VERSION = 5.0;
				TARGETED_DEVICE_FAMILY = "1,2";
			};
			name = Debug;
		};
		FF8A518C25DABEA700F6F47E /* Release */ = {
			isa = XCBuildConfiguration;
			buildSettings = {
				CLANG_ENABLE_MODULES = YES;
				CODE_SIGN_STYLE = Automatic;
				DEFINES_MODULE = YES;
				DEVELOPMENT_TEAM = 797A8DZ79S;
				DYLIB_COMPATIBILITY_VERSION = 1;
				DYLIB_CURRENT_VERSION = 1;
				DYLIB_INSTALL_NAME_BASE = "@rpath";
				INFOPLIST_FILE = BigNumbers/Info.plist;
				INSTALL_PATH = "$(LOCAL_LIBRARY_DIR)/Frameworks";
				LD_RUNPATH_SEARCH_PATHS = (
					"$(inherited)",
					"@executable_path/Frameworks",
					"@loader_path/Frameworks",
				);
				PRODUCT_BUNDLE_IDENTIFIER = marek.piotrowski.BigNumbers;
				PRODUCT_NAME = "$(TARGET_NAME:c99extidentifier)";
				SKIP_INSTALL = YES;
				SWIFT_VERSION = 5.0;
				TARGETED_DEVICE_FAMILY = "1,2";
			};
			name = Release;
		};
		FF8A518E25DABEA700F6F47E /* Debug */ = {
			isa = XCBuildConfiguration;
			buildSettings = {
				ALWAYS_EMBED_SWIFT_STANDARD_LIBRARIES = YES;
				CODE_SIGN_STYLE = Automatic;
				DEVELOPMENT_TEAM = 797A8DZ79S;
				INFOPLIST_FILE = BigNumbersTests/Info.plist;
				LD_RUNPATH_SEARCH_PATHS = (
					"$(inherited)",
					"@executable_path/Frameworks",
					"@loader_path/Frameworks",
				);
				PRODUCT_BUNDLE_IDENTIFIER = marek.piotrowski.BigNumbersTests;
				PRODUCT_NAME = "$(TARGET_NAME)";
				SWIFT_VERSION = 5.0;
				TARGETED_DEVICE_FAMILY = "1,2";
			};
			name = Debug;
		};
		FF8A518F25DABEA700F6F47E /* Release */ = {
			isa = XCBuildConfiguration;
			buildSettings = {
				ALWAYS_EMBED_SWIFT_STANDARD_LIBRARIES = YES;
				CODE_SIGN_STYLE = Automatic;
				DEVELOPMENT_TEAM = 797A8DZ79S;
				INFOPLIST_FILE = BigNumbersTests/Info.plist;
				LD_RUNPATH_SEARCH_PATHS = (
					"$(inherited)",
					"@executable_path/Frameworks",
					"@loader_path/Frameworks",
				);
				PRODUCT_BUNDLE_IDENTIFIER = marek.piotrowski.BigNumbersTests;
				PRODUCT_NAME = "$(TARGET_NAME)";
				SWIFT_VERSION = 5.0;
				TARGETED_DEVICE_FAMILY = "1,2";
			};
			name = Release;
		};
/* End XCBuildConfiguration section */

/* Begin XCConfigurationList section */
		FF8A517025DABEA700F6F47E /* Build configuration list for PBXProject "BigNumbers" */ = {
			isa = XCConfigurationList;
			buildConfigurations = (
				FF8A518825DABEA700F6F47E /* Debug */,
				FF8A518925DABEA700F6F47E /* Release */,
			);
			defaultConfigurationIsVisible = 0;
			defaultConfigurationName = Release;
		};
		FF8A518A25DABEA700F6F47E /* Build configuration list for PBXNativeTarget "BigNumbers" */ = {
			isa = XCConfigurationList;
			buildConfigurations = (
				FF8A518B25DABEA700F6F47E /* Debug */,
				FF8A518C25DABEA700F6F47E /* Release */,
			);
			defaultConfigurationIsVisible = 0;
			defaultConfigurationName = Release;
		};
		FF8A518D25DABEA700F6F47E /* Build configuration list for PBXNativeTarget "BigNumbersTests" */ = {
			isa = XCConfigurationList;
			buildConfigurations = (
				FF8A518E25DABEA700F6F47E /* Debug */,
				FF8A518F25DABEA700F6F47E /* Release */,
			);
			defaultConfigurationIsVisible = 0;
			defaultConfigurationName = Release;
		};
/* End XCConfigurationList section */
	};
	rootObject = FF8A516D25DABEA700F6F47E /* Project object */;
}
